// !$*UTF8*$!
{
	archiveVersion = 1;
	classes = {
	};
	objectVersion = 46;
	objects = {

/* Begin PBXBuildFile section */
		AFE6CB3B1C3A85F3004769C9 /* AppDelegate.swift in Sources */ = {isa = PBXBuildFile; fileRef = AFE6CB3A1C3A85F3004769C9 /* AppDelegate.swift */; };
		AFE6CB3D1C3A85F3004769C9 /* ViewController.swift in Sources */ = {isa = PBXBuildFile; fileRef = AFE6CB3C1C3A85F3004769C9 /* ViewController.swift */; };
		AFE6CB401C3A85F3004769C9 /* Main.storyboard in Resources */ = {isa = PBXBuildFile; fileRef = AFE6CB3E1C3A85F3004769C9 /* Main.storyboard */; };
		AFE6CB421C3A85F3004769C9 /* Assets.xcassets in Resources */ = {isa = PBXBuildFile; fileRef = AFE6CB411C3A85F3004769C9 /* Assets.xcassets */; };
		AFE6CB451C3A85F3004769C9 /* LaunchScreen.storyboard in Resources */ = {isa = PBXBuildFile; fileRef = AFE6CB431C3A85F3004769C9 /* LaunchScreen.storyboard */; };
		AFE6CB501C3A85F4004769C9 /* Flick_FinderTests.swift in Sources */ = {isa = PBXBuildFile; fileRef = AFE6CB4F1C3A85F4004769C9 /* Flick_FinderTests.swift */; };
		AFE6CB5B1C3A85F4004769C9 /* Flick_FinderUITests.swift in Sources */ = {isa = PBXBuildFile; fileRef = AFE6CB5A1C3A85F4004769C9 /* Flick_FinderUITests.swift */; };
/* End PBXBuildFile section */

/* Begin PBXContainerItemProxy section */
		AFE6CB4C1C3A85F4004769C9 /* PBXContainerItemProxy */ = {
			isa = PBXContainerItemProxy;
			containerPortal = AFE6CB2F1C3A85F3004769C9 /* Project object */;
			proxyType = 1;
			remoteGlobalIDString = AFE6CB361C3A85F3004769C9;
			remoteInfo = "Flick Finder";
		};
		AFE6CB571C3A85F4004769C9 /* PBXContainerItemProxy */ = {
			isa = PBXContainerItemProxy;
			containerPortal = AFE6CB2F1C3A85F3004769C9 /* Project object */;
			proxyType = 1;
			remoteGlobalIDString = AFE6CB361C3A85F3004769C9;
			remoteInfo = "Flick Finder";
		};
/* End PBXContainerItemProxy section */

/* Begin PBXFileReference section */
		AFE6CB371C3A85F3004769C9 /* Flick Finder.app */ = {isa = PBXFileReference; explicitFileType = wrapper.application; includeInIndex = 0; path = "Flick Finder.app"; sourceTree = BUILT_PRODUCTS_DIR; };
		AFE6CB3A1C3A85F3004769C9 /* AppDelegate.swift */ = {isa = PBXFileReference; lastKnownFileType = sourcecode.swift; path = AppDelegate.swift; sourceTree = "<group>"; };
		AFE6CB3C1C3A85F3004769C9 /* ViewController.swift */ = {isa = PBXFileReference; lastKnownFileType = sourcecode.swift; path = ViewController.swift; sourceTree = "<group>"; };
		AFE6CB3F1C3A85F3004769C9 /* Base */ = {isa = PBXFileReference; lastKnownFileType = file.storyboard; name = Base; path = Base.lproj/Main.storyboard; sourceTree = "<group>"; };
		AFE6CB411C3A85F3004769C9 /* Assets.xcassets */ = {isa = PBXFileReference; lastKnownFileType = folder.assetcatalog; path = Assets.xcassets; sourceTree = "<group>"; };
		AFE6CB441C3A85F3004769C9 /* Base */ = {isa = PBXFileReference; lastKnownFileType = file.storyboard; name = Base; path = Base.lproj/LaunchScreen.storyboard; sourceTree = "<group>"; };
		AFE6CB461C3A85F3004769C9 /* Info.plist */ = {isa = PBXFileReference; lastKnownFileType = text.plist.xml; path = Info.plist; sourceTree = "<group>"; };
		AFE6CB4B1C3A85F4004769C9 /* Flick FinderTests.xctest */ = {isa = PBXFileReference; explicitFileType = wrapper.cfbundle; includeInIndex = 0; path = "Flick FinderTests.xctest"; sourceTree = BUILT_PRODUCTS_DIR; };
		AFE6CB4F1C3A85F4004769C9 /* Flick_FinderTests.swift */ = {isa = PBXFileReference; lastKnownFileType = sourcecode.swift; path = Flick_FinderTests.swift; sourceTree = "<group>"; };
		AFE6CB511C3A85F4004769C9 /* Info.plist */ = {isa = PBXFileReference; lastKnownFileType = text.plist.xml; path = Info.plist; sourceTree = "<group>"; };
		AFE6CB561C3A85F4004769C9 /* Flick FinderUITests.xctest */ = {isa = PBXFileReference; explicitFileType = wrapper.cfbundle; includeInIndex = 0; path = "Flick FinderUITests.xctest"; sourceTree = BUILT_PRODUCTS_DIR; };
		AFE6CB5A1C3A85F4004769C9 /* Flick_FinderUITests.swift */ = {isa = PBXFileReference; lastKnownFileType = sourcecode.swift; path = Flick_FinderUITests.swift; sourceTree = "<group>"; };
		AFE6CB5C1C3A85F4004769C9 /* Info.plist */ = {isa = PBXFileReference; lastKnownFileType = text.plist.xml; path = Info.plist; sourceTree = "<group>"; };
/* End PBXFileReference section */

/* Begin PBXFrameworksBuildPhase section */
		AFE6CB341C3A85F3004769C9 /* Frameworks */ = {
			isa = PBXFrameworksBuildPhase;
			buildActionMask = 2147483647;
			files = (
			);
			runOnlyForDeploymentPostprocessing = 0;
		};
		AFE6CB481C3A85F4004769C9 /* Frameworks */ = {
			isa = PBXFrameworksBuildPhase;
			buildActionMask = 2147483647;
			files = (
			);
			runOnlyForDeploymentPostprocessing = 0;
		};
		AFE6CB531C3A85F4004769C9 /* Frameworks */ = {
			isa = PBXFrameworksBuildPhase;
			buildActionMask = 2147483647;
			files = (
			);
			runOnlyForDeploymentPostprocessing = 0;
		};
/* End PBXFrameworksBuildPhase section */

/* Begin PBXGroup section */
		AFE6CB2E1C3A85F3004769C9 = {
			isa = PBXGroup;
			children = (
				AFE6CB391C3A85F3004769C9 /* Flick Finder */,
				AFE6CB4E1C3A85F4004769C9 /* Flick FinderTests */,
				AFE6CB591C3A85F4004769C9 /* Flick FinderUITests */,
				AFE6CB381C3A85F3004769C9 /* Products */,
			);
			sourceTree = "<group>";
		};
		AFE6CB381C3A85F3004769C9 /* Products */ = {
			isa = PBXGroup;
			children = (
				AFE6CB371C3A85F3004769C9 /* Flick Finder.app */,
				AFE6CB4B1C3A85F4004769C9 /* Flick FinderTests.xctest */,
				AFE6CB561C3A85F4004769C9 /* Flick FinderUITests.xctest */,
			);
			name = Products;
			sourceTree = "<group>";
		};
		AFE6CB391C3A85F3004769C9 /* Flick Finder */ = {
			isa = PBXGroup;
			children = (
				AFE6CB3A1C3A85F3004769C9 /* AppDelegate.swift */,
				AFE6CB3C1C3A85F3004769C9 /* ViewController.swift */,
				AFE6CB3E1C3A85F3004769C9 /* Main.storyboard */,
				AFE6CB411C3A85F3004769C9 /* Assets.xcassets */,
				AFE6CB431C3A85F3004769C9 /* LaunchScreen.storyboard */,
				AFE6CB461C3A85F3004769C9 /* Info.plist */,
			);
			path = "Flick Finder";
			sourceTree = "<group>";
		};
		AFE6CB4E1C3A85F4004769C9 /* Flick FinderTests */ = {
			isa = PBXGroup;
			children = (
				AFE6CB4F1C3A85F4004769C9 /* Flick_FinderTests.swift */,
				AFE6CB511C3A85F4004769C9 /* Info.plist */,
			);
			path = "Flick FinderTests";
			sourceTree = "<group>";
		};
		AFE6CB591C3A85F4004769C9 /* Flick FinderUITests */ = {
			isa = PBXGroup;
			children = (
				AFE6CB5A1C3A85F4004769C9 /* Flick_FinderUITests.swift */,
				AFE6CB5C1C3A85F4004769C9 /* Info.plist */,
			);
			path = "Flick FinderUITests";
			sourceTree = "<group>";
		};
/* End PBXGroup section */

/* Begin PBXNativeTarget section */
		AFE6CB361C3A85F3004769C9 /* Flick Finder */ = {
			isa = PBXNativeTarget;
			buildConfigurationList = AFE6CB5F1C3A85F4004769C9 /* Build configuration list for PBXNativeTarget "Flick Finder" */;
			buildPhases = (
				AFE6CB331C3A85F3004769C9 /* Sources */,
				AFE6CB341C3A85F3004769C9 /* Frameworks */,
				AFE6CB351C3A85F3004769C9 /* Resources */,
			);
			buildRules = (
			);
			dependencies = (
			);
			name = "Flick Finder";
			productName = "Flick Finder";
			productReference = AFE6CB371C3A85F3004769C9 /* Flick Finder.app */;
			productType = "com.apple.product-type.application";
		};
		AFE6CB4A1C3A85F4004769C9 /* Flick FinderTests */ = {
			isa = PBXNativeTarget;
			buildConfigurationList = AFE6CB621C3A85F4004769C9 /* Build configuration list for PBXNativeTarget "Flick FinderTests" */;
			buildPhases = (
				AFE6CB471C3A85F4004769C9 /* Sources */,
				AFE6CB481C3A85F4004769C9 /* Frameworks */,
				AFE6CB491C3A85F4004769C9 /* Resources */,
			);
			buildRules = (
			);
			dependencies = (
				AFE6CB4D1C3A85F4004769C9 /* PBXTargetDependency */,
			);
			name = "Flick FinderTests";
			productName = "Flick FinderTests";
			productReference = AFE6CB4B1C3A85F4004769C9 /* Flick FinderTests.xctest */;
			productType = "com.apple.product-type.bundle.unit-test";
		};
		AFE6CB551C3A85F4004769C9 /* Flick FinderUITests */ = {
			isa = PBXNativeTarget;
			buildConfigurationList = AFE6CB651C3A85F4004769C9 /* Build configuration list for PBXNativeTarget "Flick FinderUITests" */;
			buildPhases = (
				AFE6CB521C3A85F4004769C9 /* Sources */,
				AFE6CB531C3A85F4004769C9 /* Frameworks */,
				AFE6CB541C3A85F4004769C9 /* Resources */,
			);
			buildRules = (
			);
			dependencies = (
				AFE6CB581C3A85F4004769C9 /* PBXTargetDependency */,
			);
			name = "Flick FinderUITests";
			productName = "Flick FinderUITests";
			productReference = AFE6CB561C3A85F4004769C9 /* Flick FinderUITests.xctest */;
			productType = "com.apple.product-type.bundle.ui-testing";
		};
/* End PBXNativeTarget section */

/* Begin PBXProject section */
		AFE6CB2F1C3A85F3004769C9 /* Project object */ = {
			isa = PBXProject;
			attributes = {
				LastSwiftUpdateCheck = 0720;
				LastUpgradeCheck = 0720;
				ORGANIZATIONNAME = "Abdelrahman Mohamed";
				TargetAttributes = {
					AFE6CB361C3A85F3004769C9 = {
						CreatedOnToolsVersion = 7.2;
						DevelopmentTeam = 6KNM32Y4FM;
					};
					AFE6CB4A1C3A85F4004769C9 = {
						CreatedOnToolsVersion = 7.2;
						DevelopmentTeam = 6KNM32Y4FM;
						TestTargetID = AFE6CB361C3A85F3004769C9;
					};
					AFE6CB551C3A85F4004769C9 = {
						CreatedOnToolsVersion = 7.2;
						DevelopmentTeam = 6KNM32Y4FM;
						TestTargetID = AFE6CB361C3A85F3004769C9;
					};
				};
			};
			buildConfigurationList = AFE6CB321C3A85F3004769C9 /* Build configuration list for PBXProject "Flick Finder" */;
			compatibilityVersion = "Xcode 3.2";
			developmentRegion = English;
			hasScannedForEncodings = 0;
			knownRegions = (
				en,
				Base,
			);
			mainGroup = AFE6CB2E1C3A85F3004769C9;
			productRefGroup = AFE6CB381C3A85F3004769C9 /* Products */;
			projectDirPath = "";
			projectRoot = "";
			targets = (
				AFE6CB361C3A85F3004769C9 /* Flick Finder */,
				AFE6CB4A1C3A85F4004769C9 /* Flick FinderTests */,
				AFE6CB551C3A85F4004769C9 /* Flick FinderUITests */,
			);
		};
/* End PBXProject section */

/* Begin PBXResourcesBuildPhase section */
		AFE6CB351C3A85F3004769C9 /* Resources */ = {
			isa = PBXResourcesBuildPhase;
			buildActionMask = 2147483647;
			files = (
				AFE6CB451C3A85F3004769C9 /* LaunchScreen.storyboard in Resources */,
				AFE6CB421C3A85F3004769C9 /* Assets.xcassets in Resources */,
				AFE6CB401C3A85F3004769C9 /* Main.storyboard in Resources */,
			);
			runOnlyForDeploymentPostprocessing = 0;
		};
		AFE6CB491C3A85F4004769C9 /* Resources */ = {
			isa = PBXResourcesBuildPhase;
			buildActionMask = 2147483647;
			files = (
			);
			runOnlyForDeploymentPostprocessing = 0;
		};
		AFE6CB541C3A85F4004769C9 /* Resources */ = {
			isa = PBXResourcesBuildPhase;
			buildActionMask = 2147483647;
			files = (
			);
			runOnlyForDeploymentPostprocessing = 0;
		};
/* End PBXResourcesBuildPhase section */

/* Begin PBXSourcesBuildPhase section */
		AFE6CB331C3A85F3004769C9 /* Sources */ = {
			isa = PBXSourcesBuildPhase;
			buildActionMask = 2147483647;
			files = (
				AFE6CB3D1C3A85F3004769C9 /* ViewController.swift in Sources */,
				AFE6CB3B1C3A85F3004769C9 /* AppDelegate.swift in Sources */,
			);
			runOnlyForDeploymentPostprocessing = 0;
		};
		AFE6CB471C3A85F4004769C9 /* Sources */ = {
			isa = PBXSourcesBuildPhase;
			buildActionMask = 2147483647;
			files = (
				AFE6CB501C3A85F4004769C9 /* Flick_FinderTests.swift in Sources */,
			);
			runOnlyForDeploymentPostprocessing = 0;
		};
		AFE6CB521C3A85F4004769C9 /* Sources */ = {
			isa = PBXSourcesBuildPhase;
			buildActionMask = 2147483647;
			files = (
				AFE6CB5B1C3A85F4004769C9 /* Flick_FinderUITests.swift in Sources */,
			);
			runOnlyForDeploymentPostprocessing = 0;
		};
/* End PBXSourcesBuildPhase section */

/* Begin PBXTargetDependency section */
		AFE6CB4D1C3A85F4004769C9 /* PBXTargetDependency */ = {
			isa = PBXTargetDependency;
			target = AFE6CB361C3A85F3004769C9 /* Flick Finder */;
			targetProxy = AFE6CB4C1C3A85F4004769C9 /* PBXContainerItemProxy */;
		};
		AFE6CB581C3A85F4004769C9 /* PBXTargetDependency */ = {
			isa = PBXTargetDependency;
			target = AFE6CB361C3A85F3004769C9 /* Flick Finder */;
			targetProxy = AFE6CB571C3A85F4004769C9 /* PBXContainerItemProxy */;
		};
/* End PBXTargetDependency section */

/* Begin PBXVariantGroup section */
		AFE6CB3E1C3A85F3004769C9 /* Main.storyboard */ = {
			isa = PBXVariantGroup;
			children = (
				AFE6CB3F1C3A85F3004769C9 /* Base */,
			);
			name = Main.storyboard;
			sourceTree = "<group>";
		};
		AFE6CB431C3A85F3004769C9 /* LaunchScreen.storyboard */ = {
			isa = PBXVariantGroup;
			children = (
				AFE6CB441C3A85F3004769C9 /* Base */,
			);
			name = LaunchScreen.storyboard;
			sourceTree = "<group>";
		};
/* End PBXVariantGroup section */

/* Begin XCBuildConfiguration section */
		AFE6CB5D1C3A85F4004769C9 /* Debug */ = {
			isa = XCBuildConfiguration;
			buildSettings = {
				ALWAYS_SEARCH_USER_PATHS = NO;
				CLANG_CXX_LANGUAGE_STANDARD = "gnu++0x";
				CLANG_CXX_LIBRARY = "libc++";
				CLANG_ENABLE_MODULES = YES;
				CLANG_ENABLE_OBJC_ARC = YES;
				CLANG_WARN_BOOL_CONVERSION = YES;
				CLANG_WARN_CONSTANT_CONVERSION = YES;
				CLANG_WARN_DIRECT_OBJC_ISA_USAGE = YES_ERROR;
				CLANG_WARN_EMPTY_BODY = YES;
				CLANG_WARN_ENUM_CONVERSION = YES;
				CLANG_WARN_INT_CONVERSION = YES;
				CLANG_WARN_OBJC_ROOT_CLASS = YES_ERROR;
				CLANG_WARN_UNREACHABLE_CODE = YES;
				CLANG_WARN__DUPLICATE_METHOD_MATCH = YES;
				"CODE_SIGN_IDENTITY[sdk=iphoneos*]" = "iPhone Developer";
				COPY_PHASE_STRIP = NO;
				DEBUG_INFORMATION_FORMAT = dwarf;
				ENABLE_STRICT_OBJC_MSGSEND = YES;
				ENABLE_TESTABILITY = YES;
				GCC_C_LANGUAGE_STANDARD = gnu99;
				GCC_DYNAMIC_NO_PIC = NO;
				GCC_NO_COMMON_BLOCKS = YES;
				GCC_OPTIMIZATION_LEVEL = 0;
				GCC_PREPROCESSOR_DEFINITIONS = (
					"DEBUG=1",
					"$(inherited)",
				);
				GCC_WARN_64_TO_32_BIT_CONVERSION = YES;
				GCC_WARN_ABOUT_RETURN_TYPE = YES_ERROR;
				GCC_WARN_UNDECLARED_SELECTOR = YES;
				GCC_WARN_UNINITIALIZED_AUTOS = YES_AGGRESSIVE;
				GCC_WARN_UNUSED_FUNCTION = YES;
				GCC_WARN_UNUSED_VARIABLE = YES;
				IPHONEOS_DEPLOYMENT_TARGET = 9.2;
				MTL_ENABLE_DEBUG_INFO = YES;
				ONLY_ACTIVE_ARCH = YES;
				SDKROOT = iphoneos;
				SWIFT_OPTIMIZATION_LEVEL = "-Onone";
				TARGETED_DEVICE_FAMILY = "1,2";
			};
			name = Debug;
		};
		AFE6CB5E1C3A85F4004769C9 /* Release */ = {
			isa = XCBuildConfiguration;
			buildSettings = {
				ALWAYS_SEARCH_USER_PATHS = NO;
				CLANG_CXX_LANGUAGE_STANDARD = "gnu++0x";
				CLANG_CXX_LIBRARY = "libc++";
				CLANG_ENABLE_MODULES = YES;
				CLANG_ENABLE_OBJC_ARC = YES;
				CLANG_WARN_BOOL_CONVERSION = YES;
				CLANG_WARN_CONSTANT_CONVERSION = YES;
				CLANG_WARN_DIRECT_OBJC_ISA_USAGE = YES_ERROR;
				CLANG_WARN_EMPTY_BODY = YES;
				CLANG_WARN_ENUM_CONVERSION = YES;
				CLANG_WARN_INT_CONVERSION = YES;
				CLANG_WARN_OBJC_ROOT_CLASS = YES_ERROR;
				CLANG_WARN_UNREACHABLE_CODE = YES;
				CLANG_WARN__DUPLICATE_METHOD_MATCH = YES;
				"CODE_SIGN_IDENTITY[sdk=iphoneos*]" = "iPhone Developer";
				COPY_PHASE_STRIP = NO;
				DEBUG_INFORMATION_FORMAT = "dwarf-with-dsym";
				ENABLE_NS_ASSERTIONS = NO;
				ENABLE_STRICT_OBJC_MSGSEND = YES;
				GCC_C_LANGUAGE_STANDARD = gnu99;
				GCC_NO_COMMON_BLOCKS = YES;
				GCC_WARN_64_TO_32_BIT_CONVERSION = YES;
				GCC_WARN_ABOUT_RETURN_TYPE = YES_ERROR;
				GCC_WARN_UNDECLARED_SELECTOR = YES;
				GCC_WARN_UNINITIALIZED_AUTOS = YES_AGGRESSIVE;
				GCC_WARN_UNUSED_FUNCTION = YES;
				GCC_WARN_UNUSED_VARIABLE = YES;
				IPHONEOS_DEPLOYMENT_TARGET = 9.2;
				MTL_ENABLE_DEBUG_INFO = NO;
				SDKROOT = iphoneos;
				TARGETED_DEVICE_FAMILY = "1,2";
				VALIDATE_PRODUCT = YES;
			};
			name = Release;
		};
		AFE6CB601C3A85F4004769C9 /* Debug */ = {
			isa = XCBuildConfiguration;
			buildSettings = {
				ASSETCATALOG_COMPILER_APPICON_NAME = AppIcon;
				INFOPLIST_FILE = "Flick Finder/Info.plist";
				LD_RUNPATH_SEARCH_PATHS = "$(inherited) @executable_path/Frameworks";
				PRODUCT_BUNDLE_IDENTIFIER = "au.com.molutions.Flick-Finder";
				PRODUCT_NAME = "$(TARGET_NAME)";
			};
			name = Debug;
		};
		AFE6CB611C3A85F4004769C9 /* Release */ = {
			isa = XCBuildConfiguration;
			buildSettings = {
				ASSETCATALOG_COMPILER_APPICON_NAME = AppIcon;
				INFOPLIST_FILE = "Flick Finder/Info.plist";
				LD_RUNPATH_SEARCH_PATHS = "$(inherited) @executable_path/Frameworks";
				PRODUCT_BUNDLE_IDENTIFIER = "au.com.molutions.Flick-Finder";
				PRODUCT_NAME = "$(TARGET_NAME)";
			};
			name = Release;
		};
		AFE6CB631C3A85F4004769C9 /* Debug */ = {
			isa = XCBuildConfiguration;
			buildSettings = {
				BUNDLE_LOADER = "$(TEST_HOST)";
				INFOPLIST_FILE = "Flick FinderTests/Info.plist";
				LD_RUNPATH_SEARCH_PATHS = "$(inherited) @executable_path/Frameworks @loader_path/Frameworks";
				PRODUCT_BUNDLE_IDENTIFIER = "au.com.molutions.Flick-FinderTests";
				PRODUCT_NAME = "$(TARGET_NAME)";
				TEST_HOST = "$(BUILT_PRODUCTS_DIR)/Flick Finder.app/Flick Finder";
			};
			name = Debug;
		};
		AFE6CB641C3A85F4004769C9 /* Release */ = {
			isa = XCBuildConfiguration;
			buildSettings = {
				BUNDLE_LOADER = "$(TEST_HOST)";
				INFOPLIST_FILE = "Flick FinderTests/Info.plist";
				LD_RUNPATH_SEARCH_PATHS = "$(inherited) @executable_path/Frameworks @loader_path/Frameworks";
				PRODUCT_BUNDLE_IDENTIFIER = "au.com.molutions.Flick-FinderTests";
				PRODUCT_NAME = "$(TARGET_NAME)";
				TEST_HOST = "$(BUILT_PRODUCTS_DIR)/Flick Finder.app/Flick Finder";
			};
			name = Release;
		};
		AFE6CB661C3A85F4004769C9 /* Debug */ = {
			isa = XCBuildConfiguration;
			buildSettings = {
				INFOPLIST_FILE = "Flick FinderUITests/Info.plist";
				LD_RUNPATH_SEARCH_PATHS = "$(inherited) @executable_path/Frameworks @loader_path/Frameworks";
				PRODUCT_BUNDLE_IDENTIFIER = "au.com.molutions.Flick-FinderUITests";
				PRODUCT_NAME = "$(TARGET_NAME)";
				TEST_TARGET_NAME = "Flick Finder";
				USES_XCTRUNNER = YES;
			};
			name = Debug;
		};
		AFE6CB671C3A85F4004769C9 /* Release */ = {
			isa = XCBuildConfiguration;
			buildSettings = {
				INFOPLIST_FILE = "Flick FinderUITests/Info.plist";
				LD_RUNPATH_SEARCH_PATHS = "$(inherited) @executable_path/Frameworks @loader_path/Frameworks";
				PRODUCT_BUNDLE_IDENTIFIER = "au.com.molutions.Flick-FinderUITests";
				PRODUCT_NAME = "$(TARGET_NAME)";
				TEST_TARGET_NAME = "Flick Finder";
				USES_XCTRUNNER = YES;
			};
			name = Release;
		};
/* End XCBuildConfiguration section */

/* Begin XCConfigurationList section */
		AFE6CB321C3A85F3004769C9 /* Build configuration list for PBXProject "Flick Finder" */ = {
			isa = XCConfigurationList;
			buildConfigurations = (
				AFE6CB5D1C3A85F4004769C9 /* Debug */,
				AFE6CB5E1C3A85F4004769C9 /* Release */,
			);
			defaultConfigurationIsVisible = 0;
			defaultConfigurationName = Release;
		};
		AFE6CB5F1C3A85F4004769C9 /* Build configuration list for PBXNativeTarget "Flick Finder" */ = {
			isa = XCConfigurationList;
			buildConfigurations = (
				AFE6CB601C3A85F4004769C9 /* Debug */,
				AFE6CB611C3A85F4004769C9 /* Release */,
			);
			defaultConfigurationIsVisible = 0;
		};
		AFE6CB621C3A85F4004769C9 /* Build configuration list for PBXNativeTarget "Flick FinderTests" */ = {
			isa = XCConfigurationList;
			buildConfigurations = (
				AFE6CB631C3A85F4004769C9 /* Debug */,
				AFE6CB641C3A85F4004769C9 /* Release */,
			);
			defaultConfigurationIsVisible = 0;
		};
		AFE6CB651C3A85F4004769C9 /* Build configuration list for PBXNativeTarget "Flick FinderUITests" */ = {
			isa = XCConfigurationList;
			buildConfigurations = (
				AFE6CB661C3A85F4004769C9 /* Debug */,
				AFE6CB671C3A85F4004769C9 /* Release */,
			);
			defaultConfigurationIsVisible = 0;
		};
/* End XCConfigurationList section */
	};
	rootObject = AFE6CB2F1C3A85F3004769C9 /* Project object */;
}
